
Microsoft Visual Studio Solution File, Format Version 12.00
# Visual Studio Version 16
VisualStudioVersion = 16.0.30517.126
MinimumVisualStudioVersion = 10.0.40219.1
Project("{FAE04EC0-301F-11D3-BF4B-00C04F79EFBC}") = "TheREALCarHouse", "TheREALCarHouse\TheREALCarHouse.csproj", "{B704014A-A031-436A-816A-D7DFB3E93CAC}"
EndProject
Global
	GlobalSection(SolutionConfigurationPlatforms) = preSolution
		Debug|Any CPU = Debug|Any CPU
		Release|Any CPU = Release|Any CPU
	EndGlobalSection
	GlobalSection(ProjectConfigurationPlatforms) = postSolution
		{B704014A-A031-436A-816A-D7DFB3E93CAC}.Debug|Any CPU.ActiveCfg = Debug|Any CPU
		{B704014A-A031-436A-816A-D7DFB3E93CAC}.Debug|Any CPU.Build.0 = Debug|Any CPU
		{B704014A-A031-436A-816A-D7DFB3E93CAC}.Release|Any CPU.ActiveCfg = Release|Any CPU
		{B704014A-A031-436A-816A-D7DFB3E93CAC}.Release|Any CPU.Build.0 = Release|Any CPU
	EndGlobalSection
	GlobalSection(SolutionProperties) = preSolution
		HideSolutionNode = FALSE
	EndGlobalSection
	GlobalSection(ExtensibilityGlobals) = postSolution
		SolutionGuid = {DAF3661B-8C26-4746-8197-32C7D883E8B8}
	EndGlobalSection
EndGlobal
